{
  "version": 4,
  "terraform_version": "1.8.4",
  "serial": 16,
  "lineage": "d09a5a77-f345-e1c7-2f55-51c6caf7b0b7",
  "outputs": {
    "kubernetes_cluster_host": {
      "value": "34.67.93.196",
      "type": "string"
    },
    "kubernetes_cluster_name": {
      "value": "du01-android---wedding-gke",
      "type": "string"
    },
    "project_id": {
      "value": "du01-android---wedding",
      "type": "string"
    },
    "region": {
      "value": "us-central1",
      "type": "string"
    }
  },
  "resources": [
    {
      "mode": "data",
      "type": "google_container_engine_versions",
      "name": "gke_version",
      "provider": "provider[\"registry.terraform.io/hashicorp/google\"]",
      "instances": [
        {
          "schema_version": 0,
          "attributes": {
            "default_cluster_version": "1.28.9-gke.1000000",
            "id": "2024-06-04 04:57:02.754895257 +0000 UTC",
            "latest_master_version": "1.27.14-gke.1022000",
            "latest_node_version": "1.27.14-gke.1022000",
            "location": "us-central1",
            "project": null,
            "release_channel_default_version": {
              "RAPID": "1.30.0-gke.1167000",
              "REGULAR": "1.28.9-gke.1000000",
              "STABLE": "1.27.11-gke.1062003"
            },
            "release_channel_latest_version": {
              "RAPID": "1.27.14-gke.1022000",
              "REGULAR": "1.27.13-gke.1166000",
              "STABLE": "1.27.12-gke.1115000"
            },
            "valid_master_versions": [
              "1.27.14-gke.1022000",
              "1.27.13-gke.1201000",
              "1.27.13-gke.1166000",
              "1.27.13-gke.1070000",
              "1.27.13-gke.1000000",
              "1.27.12-gke.1115000",
              "1.27.11-gke.1062004",
              "1.27.11-gke.1062003",
              "1.27.11-gke.1062001"
            ],
            "valid_node_versions": [
              "1.27.14-gke.1022000",
              "1.27.14-gke.1011000",
              "1.27.13-gke.1201000",
              "1.27.13-gke.1166000",
              "1.27.13-gke.1070000",
              "1.27.13-gke.1000000",
              "1.27.12-gke.1190000",
              "1.27.12-gke.1115000",
              "1.27.11-gke.1202000",
              "1.27.11-gke.1118000",
              "1.27.11-gke.1062004",
              "1.27.11-gke.1062003",
              "1.27.11-gke.1062001",
              "1.27.11-gke.1062000",
              "1.27.11-gke.1018000",
              "1.27.10-gke.1207000",
              "1.27.10-gke.1152000",
              "1.27.10-gke.1055000",
              "1.27.9-gke.1092000",
              "1.27.8-gke.1067004",
              "1.27.8-gke.1067000",
              "1.27.7-gke.1293000",
              "1.27.7-gke.1121002",
              "1.27.7-gke.1121000",
              "1.27.7-gke.1088000",
              "1.27.7-gke.1056000",
              "1.27.7-gke.1038000",
              "1.27.6-gke.1506000",
              "1.27.6-gke.1445000",
              "1.27.6-gke.1248000",
              "1.27.5-gke.200",
              "1.27.4-gke.900",
              "1.27.3-gke.1700",
              "1.27.3-gke.100",
              "1.27.2-gke.2100",
              "1.27.2-gke.1200"
            ],
            "version_prefix": "1.27."
          },
          "sensitive_attributes": []
        }
      ]
    },
    {
      "mode": "managed",
      "type": "google_compute_network",
      "name": "vpc",
      "provider": "provider[\"registry.terraform.io/hashicorp/google\"]",
      "instances": [
        {
          "schema_version": 0,
          "attributes": {
            "auto_create_subnetworks": false,
            "delete_default_routes_on_create": false,
            "description": "",
            "enable_ula_internal_ipv6": false,
            "gateway_ipv4": "",
            "id": "projects/du01-android---wedding/global/networks/du01-android---wedding-vpc",
            "internal_ipv6_range": "",
            "mtu": 0,
            "name": "du01-android---wedding-vpc",
            "network_firewall_policy_enforcement_order": "AFTER_CLASSIC_FIREWALL",
            "project": "du01-android---wedding",
            "routing_mode": "REGIONAL",
            "self_link": "https://www.googleapis.com/compute/v1/projects/du01-android---wedding/global/networks/du01-android---wedding-vpc",
            "timeouts": null
          },
          "sensitive_attributes": [],
          "private": "eyJlMmJmYjczMC1lY2FhLTExZTYtOGY4OC0zNDM2M2JjN2M0YzAiOnsiY3JlYXRlIjoxMjAwMDAwMDAwMDAwLCJkZWxldGUiOjEyMDAwMDAwMDAwMDAsInVwZGF0ZSI6MTIwMDAwMDAwMDAwMH19"
        }
      ]
    },
    {
      "mode": "managed",
      "type": "google_compute_subnetwork",
      "name": "subnet",
      "provider": "provider[\"registry.terraform.io/hashicorp/google\"]",
      "instances": [
        {
          "schema_version": 0,
          "attributes": {
            "creation_timestamp": "2024-06-03T21:57:32.315-07:00",
            "description": "",
            "external_ipv6_prefix": "",
            "fingerprint": null,
            "gateway_address": "10.10.0.1",
            "id": "projects/du01-android---wedding/regions/us-central1/subnetworks/du01-android---wedding-subnet",
            "ip_cidr_range": "10.10.0.0/24",
            "ipv6_access_type": "",
            "ipv6_cidr_range": "",
            "log_config": [],
            "name": "du01-android---wedding-subnet",
            "network": "https://www.googleapis.com/compute/v1/projects/du01-android---wedding/global/networks/du01-android---wedding-vpc",
            "private_ip_google_access": false,
            "private_ipv6_google_access": "DISABLE_GOOGLE_ACCESS",
            "project": "du01-android---wedding",
            "purpose": "PRIVATE",
            "region": "us-central1",
            "role": "",
            "secondary_ip_range": [],
            "self_link": "https://www.googleapis.com/compute/v1/projects/du01-android---wedding/regions/us-central1/subnetworks/du01-android---wedding-subnet",
            "stack_type": "IPV4_ONLY",
            "timeouts": null
          },
          "sensitive_attributes": [],
          "private": "eyJlMmJmYjczMC1lY2FhLTExZTYtOGY4OC0zNDM2M2JjN2M0YzAiOnsiY3JlYXRlIjoxMjAwMDAwMDAwMDAwLCJkZWxldGUiOjEyMDAwMDAwMDAwMDAsInVwZGF0ZSI6MTIwMDAwMDAwMDAwMH19",
          "dependencies": [
            "google_compute_network.vpc"
          ]
        }
      ]
    },
    {
      "mode": "managed",
      "type": "google_container_cluster",
      "name": "primary",
      "provider": "provider[\"registry.terraform.io/hashicorp/google\"]",
      "instances": [
        {
          "schema_version": 1,
          "attributes": {
            "addons_config": [
              {
                "cloudrun_config": [],
                "config_connector_config": [],
                "dns_cache_config": [],
                "gce_persistent_disk_csi_driver_config": [
                  {
                    "enabled": true
                  }
                ],
                "gcp_filestore_csi_driver_config": [],
                "gke_backup_agent_config": [],
                "horizontal_pod_autoscaling": [],
                "http_load_balancing": [],
                "network_policy_config": [
                  {
                    "disabled": true
                  }
                ]
              }
            ],
            "authenticator_groups_config": [],
            "binary_authorization": [
              {
                "enabled": false,
                "evaluation_mode": ""
              }
            ],
            "cluster_autoscaling": [
              {
                "auto_provisioning_defaults": [],
                "enabled": false,
                "resource_limits": []
              }
            ],
            "cluster_ipv4_cidr": "10.140.0.0/14",
            "confidential_nodes": [],
            "cost_management_config": [],
            "database_encryption": [
              {
                "key_name": "",
                "state": "DECRYPTED"
              }
            ],
            "datapath_provider": "",
            "default_max_pods_per_node": null,
            "default_snat_status": [
              {
                "disabled": false
              }
            ],
            "description": "",
            "dns_config": [],
            "enable_autopilot": false,
            "enable_binary_authorization": false,
            "enable_intranode_visibility": false,
            "enable_kubernetes_alpha": false,
            "enable_l4_ilb_subsetting": false,
            "enable_legacy_abac": false,
            "enable_shielded_nodes": true,
            "enable_tpu": false,
            "endpoint": "34.67.93.196",
            "gateway_api_config": [],
            "id": "projects/du01-android---wedding/locations/us-central1/clusters/du01-android---wedding-gke",
            "initial_node_count": 1,
            "ip_allocation_policy": [],
            "label_fingerprint": "a9dc16a7",
            "location": "us-central1",
            "logging_config": [
              {
                "enable_components": [
                  "SYSTEM_COMPONENTS",
                  "WORKLOADS"
                ]
              }
            ],
            "logging_service": "logging.googleapis.com/kubernetes",
            "maintenance_policy": [],
            "master_auth": [
              {
                "client_certificate": "",
                "client_certificate_config": [
                  {
                    "issue_client_certificate": false
                  }
                ],
                "client_key": "",
                "cluster_ca_certificate": "LS0tLS1CRUdJTiBDRVJUSUZJQ0FURS0tLS0tCk1JSUVMVENDQXBXZ0F3SUJBZ0lSQUtLOFFrTGVhUHhTWkZYOVhUNVJMdE13RFFZSktvWklodmNOQVFFTEJRQXcKTHpFdE1Dc0dBMVVFQXhNa1pETTFOalJsWXpRdE1EYzJOeTAwTlRkaExXRTVaR0V0TXprMU16UmtZVFV6TVRKbApNQ0FYRFRJME1EWXdOREF6TlRjME9Gb1lEekl3TlRRd05USTRNRFExTnpRNFdqQXZNUzB3S3dZRFZRUURFeVJrCk16VTJOR1ZqTkMwd056WTNMVFExTjJFdFlUbGtZUzB6T1RVek5HUmhOVE14TW1Vd2dnR2lNQTBHQ1NxR1NJYjMKRFFFQkFRVUFBNElCandBd2dnR0tBb0lCZ1FETXZIUUFXWW52UnZDaUZsOXpNS0xXWENwQ3R1TFNNcktVQjVyQwp1OU95M0k1RWx1Zm1LbFVQVFJvWEI2WWc0SmJ3Ry9SK2Q1NmRSRWxGUTdORTV2UElFamE3U2htcS91YXNFVGlXCkpETXd3d2k5K3hwend6Z1J3cGwwNU10R3dVbWlJcFNRRFc3RHg1Z1dWL1VnejRzdTFSYVlyUlRnc2pRLzlnby8KbXROU3BrMjdwbkZnMzRHMVdaMDhMUGQranFiL2tjbW5DdTRHZE9PREVJZm5tZ3JjNFAxT2cwT1J3Z0pNK0Z0VwpaS3hYa1Yva2l4RXVMM3JTTVBnc1BEL0RQMFMwQUFNSWJVWk54emhhejFwU2NkcExNK1NKQXhvTGVWYkxMSmlHCjV6RWc2QmdHWkZYd2I0Vm40d1ZCU0FNMnA0VS9xbVR2SXdqalQxd1NZekpsWWlGMG9nTmtleUpyWFJLOGVCZUcKVjJ0NFpPQkwxbVJGc0Z1citxRE9mR25BTFM0OUFhZkxFeXVMQndTSUFFN1A1blFIclZYQXh3c3pzL2RrQ2tmbgpTaUhqbXhZUHNUSHFtNGpDVFVrSVpqVEdBMHFYek5LZ2RZaFM1THhoK1Z1ZWxEaGJnTFRzaC8wbWlYOGdLcncxCnpzRVRESTJnQ3NlMFZ0c0lJdzZzdjBpOTgrc0NBd0VBQWFOQ01FQXdEZ1lEVlIwUEFRSC9CQVFEQWdJRU1BOEcKQTFVZEV3RUIvd1FGTUFNQkFmOHdIUVlEVlIwT0JCWUVGRVZjdTllSEVNdlJvSGViU2JYeVRmV2FlcXczTUEwRwpDU3FHU0liM0RRRUJDd1VBQTRJQmdRQ0VGUWhLTlJzQzdxNUY2dk9XTjE1cHhmWUk4b0lxM2F4RkoybUJtSldpCnp5VWNqZ0FsWHhiQUZLWlEvN015TlhJTzltS0dBMG9DMUxQMitwc2FNSUdCWFlDa09xNGdwM3hWVW9sVktFREoKQWhBTUVJUUN0cjU2cU5zZklKMnlkTWw2Q1l2eWZMZmJsK2ZuSWFMaGFQcWFPV1RKeEczZEx0UGQrTWRUamQxOAoyZmlVTUhkdnpWci9WNmdtTS9Oa2t4dzNDY1N5b3dzUDh3eEhmS0Rjck1XR2VLQkNIbnNwRmZZR3N5YnNyOHpaCnB2UklpUFdDUURhc0FDdHhWUVpqYjZvUm9qdm9UNVh4REFQdEt5RUlCSk1oRU5RdmVVTHlJZkVCQkd2b29ydzEKU0Q0SERmZTBlNjhjSlpiSnhqQjIyYnVGYzZZL1l5ZmdaOTFkakNBL084R2d3UVFTMEtFcXliQXhyNjdUSGpxegpLKytUMTMvZHlSbFdIM2tnSVFqb3RNdzliOHlHeUJ3dlNQaUM0Y1dpRXZjU21YUytmSFBUc2RhZVBKU2VDS3JECmJpV1JPNm9ldHNPcndxUUg3V1R3ajBOL0Rwa1lFT1ZvMjRSWDhBUjQydXlDYjBkY0dVckhKdUpmYUgwb1ZFeU0KV0RLUjRiOFFUZlhEYUNpMjAwMkZJWXc9Ci0tLS0tRU5EIENFUlRJRklDQVRFLS0tLS0K"
              }
            ],
            "master_authorized_networks_config": [],
            "master_version": "1.28.9-gke.1000000",
            "mesh_certificates": [],
            "min_master_version": null,
            "monitoring_config": [
              {
                "enable_components": [
                  "SYSTEM_COMPONENTS"
                ],
                "managed_prometheus": [
                  {
                    "enabled": true
                  }
                ]
              }
            ],
            "monitoring_service": "monitoring.googleapis.com/kubernetes",
            "name": "du01-android---wedding-gke",
            "network": "projects/du01-android---wedding/global/networks/du01-android---wedding-vpc",
            "network_policy": [
              {
                "enabled": false,
                "provider": "PROVIDER_UNSPECIFIED"
              }
            ],
            "networking_mode": "ROUTES",
            "node_config": [],
            "node_locations": [
              "us-central1-a",
              "us-central1-b",
              "us-central1-c"
            ],
            "node_pool": [],
            "node_pool_defaults": [
              {
                "node_config_defaults": [
                  {
                    "logging_variant": "DEFAULT"
                  }
                ]
              }
            ],
            "node_version": "1.28.9-gke.1000000",
            "notification_config": [
              {
                "pubsub": [
                  {
                    "enabled": false,
                    "filter": [],
                    "topic": ""
                  }
                ]
              }
            ],
            "operation": null,
            "private_cluster_config": [
              {
                "enable_private_endpoint": false,
                "enable_private_nodes": false,
                "master_global_access_config": [
                  {
                    "enabled": false
                  }
                ],
                "master_ipv4_cidr_block": "",
                "peering_name": "",
                "private_endpoint": "10.10.0.2",
                "private_endpoint_subnetwork": "",
                "public_endpoint": "34.67.93.196"
              }
            ],
            "private_ipv6_google_access": "",
            "project": "du01-android---wedding",
            "release_channel": [
              {
                "channel": "REGULAR"
              }
            ],
            "remove_default_node_pool": true,
            "resource_labels": null,
            "resource_usage_export_config": [],
            "security_posture_config": [
              {
                "mode": "BASIC",
                "vulnerability_mode": "VULNERABILITY_MODE_UNSPECIFIED"
              }
            ],
            "self_link": "https://container.googleapis.com/v1/projects/du01-android---wedding/locations/us-central1/clusters/du01-android---wedding-gke",
            "service_external_ips_config": [
              {
                "enabled": false
              }
            ],
            "services_ipv4_cidr": "10.143.240.0/20",
            "subnetwork": "projects/du01-android---wedding/regions/us-central1/subnetworks/du01-android---wedding-subnet",
            "timeouts": null,
            "tpu_ipv4_cidr_block": "",
            "vertical_pod_autoscaling": [],
            "workload_identity_config": []
          },
          "sensitive_attributes": [
            [
              {
                "type": "get_attr",
                "value": "master_auth"
              },
              {
                "type": "index",
                "value": {
                  "value": 0,
                  "type": "number"
                }
              },
              {
                "type": "get_attr",
                "value": "client_key"
              }
            ]
          ],
          "private": "eyJlMmJmYjczMC1lY2FhLTExZTYtOGY4OC0zNDM2M2JjN2M0YzAiOnsiY3JlYXRlIjoyNDAwMDAwMDAwMDAwLCJkZWxldGUiOjI0MDAwMDAwMDAwMDAsInJlYWQiOjI0MDAwMDAwMDAwMDAsInVwZGF0ZSI6MzYwMDAwMDAwMDAwMH0sInNjaGVtYV92ZXJzaW9uIjoiMSJ9",
          "dependencies": [
            "google_compute_network.vpc",
            "google_compute_subnetwork.subnet"
          ]
        }
      ]
    },
    {
      "mode": "managed",
      "type": "google_container_node_pool",
      "name": "primary_nodes",
      "provider": "provider[\"registry.terraform.io/hashicorp/google\"]",
      "instances": [
        {
          "schema_version": 1,
          "attributes": {
            "autoscaling": [],
            "cluster": "du01-android---wedding-gke",
            "id": "projects/du01-android---wedding/locations/us-central1/clusters/du01-android---wedding-gke/nodePools/du01-android---wedding-gke",
            "initial_node_count": 2,
            "instance_group_urls": [
              "https://www.googleapis.com/compute/v1/projects/du01-android---wedding/zones/us-central1-a/instanceGroupManagers/gke-du01-android---w-du01-android---w-eeefe583-grp",
              "https://www.googleapis.com/compute/v1/projects/du01-android---wedding/zones/us-central1-c/instanceGroupManagers/gke-du01-android---w-du01-android---w-8939827d-grp",
              "https://www.googleapis.com/compute/v1/projects/du01-android---wedding/zones/us-central1-b/instanceGroupManagers/gke-du01-android---w-du01-android---w-45db15bc-grp"
            ],
            "location": "us-central1",
            "managed_instance_group_urls": [
              "https://www.googleapis.com/compute/v1/projects/du01-android---wedding/zones/us-central1-a/instanceGroups/gke-du01-android---w-du01-android---w-eeefe583-grp",
              "https://www.googleapis.com/compute/v1/projects/du01-android---wedding/zones/us-central1-c/instanceGroups/gke-du01-android---w-du01-android---w-8939827d-grp",
              "https://www.googleapis.com/compute/v1/projects/du01-android---wedding/zones/us-central1-b/instanceGroups/gke-du01-android---w-du01-android---w-45db15bc-grp"
            ],
            "management": [
              {
                "auto_repair": true,
                "auto_upgrade": true
              }
            ],
            "max_pods_per_node": null,
            "name": "du01-android---wedding-gke",
            "name_prefix": "",
            "network_config": [
              {
                "create_pod_range": false,
                "enable_private_nodes": false,
                "pod_cidr_overprovision_config": [],
                "pod_ipv4_cidr_block": "",
                "pod_range": ""
              }
            ],
            "node_config": [
              {
                "advanced_machine_features": [],
                "boot_disk_kms_key": "",
                "disk_size_gb": 100,
                "disk_type": "pd-balanced",
                "ephemeral_storage_local_ssd_config": [],
                "gcfs_config": [],
                "guest_accelerator": [],
                "gvnic": [],
                "image_type": "COS_CONTAINERD",
                "kubelet_config": [],
                "labels": {
                  "env": "du01-android---wedding"
                },
                "linux_node_config": [],
                "local_nvme_ssd_block_config": [],
                "local_ssd_count": 0,
                "logging_variant": "DEFAULT",
                "machine_type": "n1-standard-1",
                "metadata": {
                  "disable-legacy-endpoints": "true"
                },
                "min_cpu_platform": "",
                "node_group": "",
                "oauth_scopes": [
                  "https://www.googleapis.com/auth/logging.write",
                  "https://www.googleapis.com/auth/monitoring"
                ],
                "preemptible": false,
                "reservation_affinity": [],
                "resource_labels": null,
                "service_account": "default",
                "shielded_instance_config": [
                  {
                    "enable_integrity_monitoring": true,
                    "enable_secure_boot": false
                  }
                ],
                "sole_tenant_config": [],
                "spot": false,
                "tags": [
                  "gke-node",
                  "du01-android---wedding-gke"
                ],
                "taint": [],
                "workload_metadata_config": []
              }
            ],
            "node_count": 2,
            "node_locations": [
              "us-central1-a",
              "us-central1-b",
              "us-central1-c"
            ],
            "operation": null,
            "placement_policy": [],
            "project": "du01-android---wedding",
            "timeouts": null,
            "upgrade_settings": [
              {
                "blue_green_settings": [],
                "max_surge": 1,
                "max_unavailable": 0,
                "strategy": "SURGE"
              }
            ],
            "version": "1.27.12-gke.1115000"
          },
          "sensitive_attributes": [],
          "private": "eyJlMmJmYjczMC1lY2FhLTExZTYtOGY4OC0zNDM2M2JjN2M0YzAiOnsiY3JlYXRlIjoxODAwMDAwMDAwMDAwLCJkZWxldGUiOjE4MDAwMDAwMDAwMDAsInVwZGF0ZSI6MTgwMDAwMDAwMDAwMH0sInNjaGVtYV92ZXJzaW9uIjoiMSJ9",
          "dependencies": [
            "data.google_container_engine_versions.gke_version",
            "google_compute_network.vpc",
            "google_compute_subnetwork.subnet",
            "google_container_cluster.primary"
          ]
        }
      ]
    }
  ],
  "check_results": null
}
